{
    "_readme": [
        "This file locks the dependencies of your project to a known state",
        "Read more about it at https://getcomposer.org/doc/01-basic-usage.md#composer-lock-the-lock-file",
        "This file is @generated automatically"
    ],
    "hash": "91de5ddd0b7a95733e4b301bd8b240e3",
    "content-hash": "5489cb549978ab635bddfc6664fce913",
    "packages": [
        {
            "name": "danrovito/pokephp",
            "version": "1.3",
            "source": {
                "type": "git",
                "url": "https://github.com/danrovito/pokephp.git",
                "reference": "d2a1d5a97f241a249a5f101d80042f3a4bf9d430"
            },
            "dist": {
                "type": "zip",
                "url": "https://api.github.com/repos/danrovito/pokephp/zipball/d2a1d5a97f241a249a5f101d80042f3a4bf9d430",
                "reference": "d2a1d5a97f241a249a5f101d80042f3a4bf9d430",
                "shasum": ""
            },
            "require": {
                "ext-curl": "*",
                "ext-json": "*",
                "ext-mbstring": "*",
                "php": ">=5.3.3"
            },
            "require-dev": {
                "phpunit/phpunit": "4.8.*"
            },
            "type": "library",
            "extra": {
                "branch-alias": {
                    "dev-master": "1.2.0-dev"
                }
            },
            "autoload": {
                "psr-4": {
                    "PokePHP\\": "src/"
                }
            },
            "notification-url": "https://packagist.org/downloads/",
            "license": [
                "MIT"
            ],
            "authors": [
                {
                    "name": "Dan Rovito",
                    "email": "danrovito@gmail.com"
                }
            ],
            "description": "Pokeapi PHP Wrapper",
            "keywords": [
                "php",
                "pokeapi",
                "pokemon"
            ],
            "time": "2017-01-03 14:20:35"
        }
    ],
    "packages-dev": [],
    "aliases": [],
    "minimum-stability": "stable",
    "stability-flags": [],
    "prefer-stable": false,
    "prefer-lowest": false,
    "platform": [],
    "platform-dev": []
}
